{
  "lockfileVersion": 1,
  "configVersion": 1,
  "workspaces": {
    "": {
      "name": "@d2lang/d2",
      "devDependencies": {
        "bun": "1.3.14",
        "typescript": "5.9.3",
      },
    },
  },
  "packages": {
    "@oven/bun-darwin-aarch64": ["@oven/bun-darwin-aarch64@1.3.14", "", { "os": "darwin", "cpu": "arm64" }, "sha512-Omj20SuiHBOUjUBIyqtkNjSUIjOtEOJwmbix/ZyFH4BaQ6OZTaaRWIR4TjHVz0yadHgli6lLTiAh1uarnvD49A=="],

    "@oven/bun-darwin-x64": ["@oven/bun-darwin-x64@1.3.14", "", { "os": "darwin", "cpu": "x64" }, "sha512-FFj3QdU/OhlDyZOJ8CWfN5eWLpRlT4qjZg7lMQi7jA6GuoY5ajlO1zWLP/MuHYRSbXQUvV52RejNi8DVnAp13w=="],

    "@oven/bun-darwin-x64-baseline": ["@oven/bun-darwin-x64-baseline@1.3.14", "", { "os": "darwin", "cpu": "x64" }, "sha512-OSfsTZstc898HHElhU4NccaBGOSSDn5VfahiVTnidZ9B/+wb7WTyfZJaBeJcfjwJ9H2W9uTh2TGtl3UfcXgV9g=="],

    "@oven/bun-freebsd-aarch64": ["@oven/bun-freebsd-aarch64@1.3.14", "", { "os": "freebsd", "cpu": "arm64" }, "sha512-LIKrXaFxAHybVO5Pf+9XP2FHUj/5APvXTUKk9dqHm5iFz4oH+W24cmhjkJirNujh9hKeTyrpWSe3no9JZKowIw=="],

    "@oven/bun-freebsd-x64": ["@oven/bun-freebsd-x64@1.3.14", "", { "os": "freebsd", "cpu": "x64" }, "sha512-uwD+fGUH1ADpIF3B1U2jWzzb20QwRLZfj5QZ28GUCGrAJ/nTmWrD6YYGsblCY1wuhldRez3lU40AyuvSCyLYmw=="],

    "@oven/bun-linux-aarch64": ["@oven/bun-linux-aarch64@1.3.14", "", { "os": "linux", "cpu": "arm64" }, "sha512-X5SsPZHs+iYO8R/efIcRtc7gT2Q2DgPfliCxEkx4cXBumwkw0c/EsHMNwH3EgGpCDaZ7IYVPhpCG/xBOQHEwZw=="],

    "@oven/bun-linux-aarch64-android": ["@oven/bun-linux-aarch64-android@1.3.14", "", { "os": "android", "cpu": "arm64" }, "sha512-y4kq5b85lsrmFb9Xvi4w9mA5IEFJkLMrSmYn06q24KjL9rUWDWO3VFZEtteZxUN5+ec3Zm5S8OnJw1umaCbVjA=="],

    "@oven/bun-linux-aarch64-musl": ["@oven/bun-linux-aarch64-musl@1.3.14", "", { "os": "linux", "cpu": "arm64" }, "sha512-jmqOA92Cd1NL/1XBd4bFkJLxQ86K0RW7ohxS2qzzAvuitO4JiIxjjTeCspoU44zCozH72HpfZfUE2On31OjnWA=="],

    "@oven/bun-linux-x64": ["@oven/bun-linux-x64@1.3.14", "", { "os": "linux", "cpu": "x64" }, "sha512-7OVTAKvwfPmSbIV1HpdOoVVx5VRc427GuPPne93N6vk4eQBPId9nXmZDh9/zGaKPdbVjVtQSZafWQoUjx38Utw=="],

    "@oven/bun-linux-x64-android": ["@oven/bun-linux-x64-android@1.3.14", "", { "os": "android", "cpu": "x64" }, "sha512-qe9e1d+3VAEU7nAA2ol9Jvmy/o99PVMSgZhHn7Q/9O3YcDrfEqyQ8zm4zoe5qTEo8HZH0dN03Le0Ys2eQPs7eg=="],

    "@oven/bun-linux-x64-baseline": ["@oven/bun-linux-x64-baseline@1.3.14", "", { "os": "linux", "cpu": "x64" }, "sha512-q/8EdOC0yUE8FPeoOVq8/Pw5I9/tJaYmUfO/uDUAREx8IUnOJH1RJ5A3BjFqre8pvJoiZA9AovPJq5FnNNjSxA=="],

    "@oven/bun-linux-x64-musl": ["@oven/bun-linux-x64-musl@1.3.14", "", { "os": "linux", "cpu": "x64" }, "sha512-GBCB/k/sIqcr06eTNgg7g46qiUv35Jasx4XiccJ/n7RGqrE4RWUD/XJBbWFprVPjvqd59+QtSnS99XGqvftHfg=="],

    "@oven/bun-linux-x64-musl-baseline": ["@oven/bun-linux-x64-musl-baseline@1.3.14", "", { "os": "linux", "cpu": "x64" }, "sha512-n6iE71G4lQE4XkrZhQQcL5YUlxDbnq6nqV7zeQi33PMsLT/0kYE+RvHOtBWZ3w0wMdXZfINmp63hIb9ijUBGtw=="],

    "@oven/bun-windows-aarch64": ["@oven/bun-windows-aarch64@1.3.14", "", { "os": "win32", "cpu": "arm64" }, "sha512-T7s3x/BsVKQObGU6QDkZeI6wKynzqGbBH1yI77jrrj5siElclxr3DQrDIk8CV4G5/SJq2HHq4kpLyYY2DKCSmA=="],

    "@oven/bun-windows-x64": ["@oven/bun-windows-x64@1.3.14", "", { "os": "win32", "cpu": "x64" }, "sha512-mUFWL3BoYkNpjd8e9PqROiFF/1Xeotq20mABJsiQH62jM1g5zqWh4khw1RZ6bX8Q8fWvlPaxG1PjofkmjUi3vg=="],

    "@oven/bun-windows-x64-baseline": ["@oven/bun-windows-x64-baseline@1.3.14", "", { "os": "win32", "cpu": "x64" }, "sha512-uIjLUC1S9DWgICzuoMba7vurBJnBruE4S5CxnvmZkdqWVXRzx1Rgu636HoH+k0qeaQCFh3jeG3JQ1y6fRHv0sw=="],

    "bun": ["bun@1.3.14", "", { "optionalDependencies": { "@oven/bun-darwin-aarch64": "1.3.14", "@oven/bun-darwin-x64": "1.3.14", "@oven/bun-darwin-x64-baseline": "1.3.14", "@oven/bun-freebsd-aarch64": "1.3.14", "@oven/bun-freebsd-x64": "1.3.14", "@oven/bun-linux-aarch64": "1.3.14", "@oven/bun-linux-aarch64-android": "1.3.14", "@oven/bun-linux-aarch64-musl": "1.3.14", "@oven/bun-linux-x64": "1.3.14", "@oven/bun-linux-x64-android": "1.3.14", "@oven/bun-linux-x64-baseline": "1.3.14", "@oven/bun-linux-x64-musl": "1.3.14", "@oven/bun-linux-x64-musl-baseline": "1.3.14", "@oven/bun-windows-aarch64": "1.3.14", "@oven/bun-windows-x64": "1.3.14", "@oven/bun-windows-x64-baseline": "1.3.14" }, "os": [ "!aix", "!sunos", "!openbsd", ], "cpu": [ "x64", "arm64", ], "bin": { "bun": "bin/bun.exe", "bunx": "bin/bunx.exe" } }, "sha512-aB6GVd42x1Y5ie1K16SF+oLGtgSkwX9hgoDdIW88pjvfTccU8F1vfpoOt34QLv0dZ1v3XimtaxPlZUG81Gx9Zg=="],

    "typescript": ["typescript@5.9.3", "", { "bin": { "tsc": "bin/tsc", "tsserver": "bin/tsserver" } }, "sha512-jl1vZzPDinLr9eUt3J/t7V6FgNEw9QjvBPdysz9KfQDD41fQrC2Y4vKQdiaUpFT4bXlb1RHhLpp8wtm6M5TgSw=="],
  }
}
