{
  "name": "@terrastruct/d2",
  "version": "0.1.32",
  "lockfileVersion": 3,
  "requires": true,
  "packages": {
    "": {
      "name": "@terrastruct/d2",
      "version": "0.1.32",
      "license": "MPL-2.0",
      "dependencies": {
        "pako": "^2.1.0"
      },
      "devDependencies": {
        "bun": "latest"
      }
    },
    "node_modules/@oven/bun-darwin-aarch64": {
      "version": "1.2.20",
      "cpu": [
        "arm64"
      ],
      "dev": true,
      "license": "MIT",
      "optional": true,
      "os": [
        "darwin"
      ]
    },
    "node_modules/@oven/bun-darwin-x64": {
      "version": "1.2.20",
      "resolved": "https://registry.npmjs.org/@oven/bun-darwin-x64/-/bun-darwin-x64-1.2.20.tgz",
      "integrity": "sha512-k2akVmSvJHuzpwgwIU8ltary7EQbqlbvxgtYlVqYvnqUpRdRbkuJXAZhN5zuDNTftaG4l22Q/bX04tBB8Txmjg==",
      "cpu": [
        "x64"
      ],
      "dev": true,
      "license": "MIT",
      "optional": true,
      "os": [
        "darwin"
      ]
    },
    "node_modules/@oven/bun-darwin-x64-baseline": {
      "version": "1.2.20",
      "resolved": "https://registry.npmjs.org/@oven/bun-darwin-x64-baseline/-/bun-darwin-x64-baseline-1.2.20.tgz",
      "integrity": "sha512-bxXZlLD6DJ8rc/Ht0Cgm0BH1AJVO/axOElXJP42LUUKQ/U4t3OKkFDbFiTPGphcy5teMLkoYl+a2Cz8P9q2gVQ==",
      "cpu": [
        "x64"
      ],
      "dev": true,
      "license": "MIT",
      "optional": true,
      "os": [
        "darwin"
      ]
    },
    "node_modules/@oven/bun-linux-aarch64": {
      "version": "1.2.20",
      "resolved": "https://registry.npmjs.org/@oven/bun-linux-aarch64/-/bun-linux-aarch64-1.2.20.tgz",
      "integrity": "sha512-g+CzF02RzKgSmuEHNLoDTtiiQR33cEZWcd/tWR+24h92xe5wXuqQsV7vQJLR6e44BWkDOACpTIrfW4UAaHw4Cw==",
      "cpu": [
        "arm64"
      ],
      "dev": true,
      "license": "MIT",
      "optional": true,
      "os": [
        "linux"
      ]
    },
    "node_modules/@oven/bun-linux-aarch64-musl": {
      "version": "1.2.20",
      "resolved": "https://registry.npmjs.org/@oven/bun-linux-aarch64-musl/-/bun-linux-aarch64-musl-1.2.20.tgz",
      "integrity": "sha512-zB3aKckyUdKENLP+lm/PoXQPBTthJsY7dhYih+qVT95N29acLO2eWeSHgRkS7Pl2FV+mLJo9LvjRhC8oaSSoOw==",
      "cpu": [
        "aarch64"
      ],
      "dev": true,
      "license": "MIT",
      "optional": true,
      "os": [
        "linux"
      ]
    },
    "node_modules/@oven/bun-linux-x64": {
      "version": "1.2.20",
      "resolved": "https://registry.npmjs.org/@oven/bun-linux-x64/-/bun-linux-x64-1.2.20.tgz",
      "integrity": "sha512-KJZ0zJKadKCD6EI/mBv/0PUysMpd1r4o3WhQ73PjCZx2w95Ka2fSBAIsy9e/rxc07D4LHr26nGyMmC1K8IcS6Q==",
      "cpu": [
        "x64"
      ],
      "dev": true,
      "license": "MIT",
      "optional": true,
      "os": [
        "linux"
      ]
    },
    "node_modules/@oven/bun-linux-x64-baseline": {
      "version": "1.2.20",
      "resolved": "https://registry.npmjs.org/@oven/bun-linux-x64-baseline/-/bun-linux-x64-baseline-1.2.20.tgz",
      "integrity": "sha512-xtYPn84ur9U7YaS0+rwjs6YMgSv5Z4gMnqPQ1QTLw92nt1v9Cw17YypVab4zUk222o5Y6kS3DRkDdSHBh8uQfA==",
      "cpu": [
        "x64"
      ],
      "dev": true,
      "license": "MIT",
      "optional": true,
      "os": [
        "linux"
      ]
    },
    "node_modules/@oven/bun-linux-x64-musl": {
      "version": "1.2.20",
      "resolved": "https://registry.npmjs.org/@oven/bun-linux-x64-musl/-/bun-linux-x64-musl-1.2.20.tgz",
      "integrity": "sha512-XPtQITGbJXgUrMXOJo3IShwQd3awB93ZIh5+4S3DF9Ek/lwXVSuueIIAfnveR/r9JRgEA5+g/1ZHVf1/3qaElg==",
      "cpu": [
        "x64"
      ],
      "dev": true,
      "license": "MIT",
      "optional": true,
      "os": [
        "linux"
      ]
    },
    "node_modules/@oven/bun-linux-x64-musl-baseline": {
      "version": "1.2.20",
      "resolved": "https://registry.npmjs.org/@oven/bun-linux-x64-musl-baseline/-/bun-linux-x64-musl-baseline-1.2.20.tgz",
      "integrity": "sha512-rANapFZRrgOTeotaf556iIxguyjQbensL6gT3cXZDnXG+aVhv65hSnjqzM7vfHxlzoXbAmoUkJOpce0qEg/HlA==",
      "cpu": [
        "x64"
      ],
      "dev": true,
      "license": "MIT",
      "optional": true,
      "os": [
        "linux"
      ]
    },
    "node_modules/@oven/bun-windows-x64": {
      "version": "1.2.20",
      "resolved": "https://registry.npmjs.org/@oven/bun-windows-x64/-/bun-windows-x64-1.2.20.tgz",
      "integrity": "sha512-Jt4bAf30qG4SvnL6tO4QzZNbMjg5sLZHif22rZLwX7W6rWPAvgqyYdwDSGHN8Kkbe6KqV4DceyKQgRr83sU66Q==",
      "cpu": [
        "x64"
      ],
      "dev": true,
      "license": "MIT",
      "optional": true,
      "os": [
        "win32"
      ]
    },
    "node_modules/@oven/bun-windows-x64-baseline": {
      "version": "1.2.20",
      "resolved": "https://registry.npmjs.org/@oven/bun-windows-x64-baseline/-/bun-windows-x64-baseline-1.2.20.tgz",
      "integrity": "sha512-2291+pyVQ771zd8jgCNJ/jpPBaLJg/X7BWX06M9GpBNmC1tu3Rfr3LaWP8C/XTi80PZJnzNZGeMlcDhRY57y/A==",
      "cpu": [
        "x64"
      ],
      "dev": true,
      "license": "MIT",
      "optional": true,
      "os": [
        "win32"
      ]
    },
    "node_modules/bun": {
      "version": "1.2.20",
      "resolved": "https://registry.npmjs.org/bun/-/bun-1.2.20.tgz",
      "integrity": "sha512-1ZGQynT+jPOHLY4IfzSubjbWcXsY2Z+irhW5D8RKC0wQ6KG4MvtgniAYQbSFYINGg8Wb2ydx+WgAG2BdhngAfw==",
      "cpu": [
        "arm64",
        "x64",
        "aarch64"
      ],
      "dev": true,
      "hasInstallScript": true,
      "license": "MIT",
      "os": [
        "darwin",
        "linux",
        "win32"
      ],
      "bin": {
        "bun": "bin/bun.exe",
        "bunx": "bin/bunx.exe"
      },
      "optionalDependencies": {
        "@oven/bun-darwin-aarch64": "1.2.20",
        "@oven/bun-darwin-x64": "1.2.20",
        "@oven/bun-darwin-x64-baseline": "1.2.20",
        "@oven/bun-linux-aarch64": "1.2.20",
        "@oven/bun-linux-aarch64-musl": "1.2.20",
        "@oven/bun-linux-x64": "1.2.20",
        "@oven/bun-linux-x64-baseline": "1.2.20",
        "@oven/bun-linux-x64-musl": "1.2.20",
        "@oven/bun-linux-x64-musl-baseline": "1.2.20",
        "@oven/bun-windows-x64": "1.2.20",
        "@oven/bun-windows-x64-baseline": "1.2.20"
      }
    },
    "node_modules/pako": {
      "version": "2.1.0",
      "resolved": "https://registry.npmjs.org/pako/-/pako-2.1.0.tgz",
      "integrity": "sha512-w+eufiZ1WuJYgPXbV/PO3NCMEc3xqylkKHzp8bxp1uW4qaSNQUkwmLLEc3kKsfz8lpV1F8Ht3U1Cm+9Srog2ug==",
      "license": "(MIT AND Zlib)"
    }
  }
}
